// !$*UTF8*$!
{
	archiveVersion = 1;
	classes = {
	};
	objectVersion = 46;
	objects = {

/* Begin PBXBuildFile section */
		9D1EF99E1B4EB7BF00C626D7 /* SharedCode.framework in Frameworks */ = {isa = PBXBuildFile; fileRef = 9D1EF99B1B4EB7B900C626D7 /* SharedCode.framework */; };
		9DB0D27F1B4D72780072CB78 /* AppDelegate.swift in Sources */ = {isa = PBXBuildFile; fileRef = 9DB0D27E1B4D72780072CB78 /* AppDelegate.swift */; };
		9DB0D2811B4D72780072CB78 /* ViewController.swift in Sources */ = {isa = PBXBuildFile; fileRef = 9DB0D2801B4D72780072CB78 /* ViewController.swift */; };
		9DB0D2841B4D72780072CB78 /* Main.storyboard in Resources */ = {isa = PBXBuildFile; fileRef = 9DB0D2821B4D72780072CB78 /* Main.storyboard */; };
		9DB0D2861B4D72780072CB78 /* Assets.xcassets in Resources */ = {isa = PBXBuildFile; fileRef = 9DB0D2851B4D72780072CB78 /* Assets.xcassets */; };
		9DB0D2891B4D72780072CB78 /* LaunchScreen.storyboard in Resources */ = {isa = PBXBuildFile; fileRef = 9DB0D2871B4D72780072CB78 /* LaunchScreen.storyboard */; };
/* End PBXBuildFile section */

/* Begin PBXContainerItemProxy section */
		9D1EF99A1B4EB7B900C626D7 /* PBXContainerItemProxy */ = {
			isa = PBXContainerItemProxy;
			containerPortal = 9D1EF9951B4EB7B800C626D7 /* SharedCode.xcodeproj */;
			proxyType = 2;
			remoteGlobalIDString = 9D5156861B4439C600B2A1B3;
			remoteInfo = SharedCode;
		};
		9D1EF99C1B4EB7B900C626D7 /* PBXContainerItemProxy */ = {
			isa = PBXContainerItemProxy;
			containerPortal = 9D1EF9951B4EB7B800C626D7 /* SharedCode.xcodeproj */;
			proxyType = 2;
			remoteGlobalIDString = 9D5156901B4439C600B2A1B3;
			remoteInfo = SharedCodeTests;
		};
/* End PBXContainerItemProxy section */

/* Begin PBXFileReference section */
		9D1EF9951B4EB7B800C626D7 /* SharedCode.xcodeproj */ = {isa = PBXFileReference; lastKnownFileType = "wrapper.pb-project"; name = SharedCode.xcodeproj; path = ../../shared/SharedCode/SharedCode.xcodeproj; sourceTree = "<group>"; };
		9DB0D27B1B4D72780072CB78 /* Creating Contacts.app */ = {isa = PBXFileReference; explicitFileType = wrapper.application; includeInIndex = 0; path = "Creating Contacts.app"; sourceTree = BUILT_PRODUCTS_DIR; };
		9DB0D27E1B4D72780072CB78 /* AppDelegate.swift */ = {isa = PBXFileReference; lastKnownFileType = sourcecode.swift; path = AppDelegate.swift; sourceTree = "<group>"; };
		9DB0D2801B4D72780072CB78 /* ViewController.swift */ = {isa = PBXFileReference; lastKnownFileType = sourcecode.swift; path = ViewController.swift; sourceTree = "<group>"; };
		9DB0D2831B4D72780072CB78 /* Base */ = {isa = PBXFileReference; lastKnownFileType = file.storyboard; name = Base; path = Base.lproj/Main.storyboard; sourceTree = "<group>"; };
		9DB0D2851B4D72780072CB78 /* Assets.xcassets */ = {isa = PBXFileReference; lastKnownFileType = folder.assetcatalog; path = Assets.xcassets; sourceTree = "<group>"; };
		9DB0D2881B4D72780072CB78 /* Base */ = {isa = PBXFileReference; lastKnownFileType = file.storyboard; name = Base; path = Base.lproj/LaunchScreen.storyboard; sourceTree = "<group>"; };
		9DB0D28A1B4D72780072CB78 /* Info.plist */ = {isa = PBXFileReference; lastKnownFileType = text.plist.xml; path = Info.plist; sourceTree = "<group>"; };
/* End PBXFileReference section */

/* Begin PBXFrameworksBuildPhase section */
		9DB0D2781B4D72780072CB78 /* Frameworks */ = {
			isa = PBXFrameworksBuildPhase;
			buildActionMask = 2147483647;
			files = (
				9D1EF99E1B4EB7BF00C626D7 /* SharedCode.framework in Frameworks */,
			);
			runOnlyForDeploymentPostprocessing = 0;
		};
/* End PBXFrameworksBuildPhase section */

/* Begin PBXGroup section */
		9D1EF9961B4EB7B800C626D7 /* Products */ = {
			isa = PBXGroup;
			children = (
				9D1EF99B1B4EB7B900C626D7 /* SharedCode.framework */,
				9D1EF99D1B4EB7B900C626D7 /* SharedCodeTests.xctest */,
			);
			name = Products;
			sourceTree = "<group>";
		};
		9DB0D2721B4D72770072CB78 = {
			isa = PBXGroup;
			children = (
				9D1EF9951B4EB7B800C626D7 /* SharedCode.xcodeproj */,
				9DB0D27D1B4D72780072CB78 /* Creating Contacts */,
				9DB0D27C1B4D72780072CB78 /* Products */,
			);
			sourceTree = "<group>";
		};
		9DB0D27C1B4D72780072CB78 /* Products */ = {
			isa = PBXGroup;
			children = (
				9DB0D27B1B4D72780072CB78 /* Creating Contacts.app */,
			);
			name = Products;
			sourceTree = "<group>";
		};
		9DB0D27D1B4D72780072CB78 /* Creating Contacts */ = {
			isa = PBXGroup;
			children = (
				9DB0D27E1B4D72780072CB78 /* AppDelegate.swift */,
				9DB0D2801B4D72780072CB78 /* ViewController.swift */,
				9DB0D2821B4D72780072CB78 /* Main.storyboard */,
				9DB0D2851B4D72780072CB78 /* Assets.xcassets */,
				9DB0D2871B4D72780072CB78 /* LaunchScreen.storyboard */,
				9DB0D28A1B4D72780072CB78 /* Info.plist */,
			);
			path = "Creating Contacts";
			sourceTree = "<group>";
		};
/* End PBXGroup section */

/* Begin PBXNativeTarget section */
		9DB0D27A1B4D72780072CB78 /* Creating Contacts */ = {
			isa = PBXNativeTarget;
			buildConfigurationList = 9DB0D28D1B4D72780072CB78 /* Build configuration list for PBXNativeTarget "Creating Contacts" */;
			buildPhases = (
				9DB0D2771B4D72780072CB78 /* Sources */,
				9DB0D2781B4D72780072CB78 /* Frameworks */,
				9DB0D2791B4D72780072CB78 /* Resources */,
			);
			buildRules = (
			);
			dependencies = (
			);
			name = "Creating Contacts";
			productName = "Creating Contacts";
			productReference = 9DB0D27B1B4D72780072CB78 /* Creating Contacts.app */;
			productType = "com.apple.product-type.application";
		};
/* End PBXNativeTarget section */

/* Begin PBXProject section */
		9DB0D2731B4D72770072CB78 /* Project object */ = {
			isa = PBXProject;
			attributes = {
				LastUpgradeCheck = 0800;
				ORGANIZATIONNAME = Pixolity;
				TargetAttributes = {
					9DB0D27A1B4D72780072CB78 = {
						CreatedOnToolsVersion = 7.0;
						LastSwiftMigration = 0800;
					};
				};
			};
			buildConfigurationList = 9DB0D2761B4D72770072CB78 /* Build configuration list for PBXProject "Creating Contacts" */;
			compatibilityVersion = "Xcode 3.2";
			developmentRegion = English;
			hasScannedForEncodings = 0;
			knownRegions = (
				en,
				Base,
			);
			mainGroup = 9DB0D2721B4D72770072CB78;
			productRefGroup = 9DB0D27C1B4D72780072CB78 /* Products */;
			projectDirPath = "";
			projectReferences = (
				{
					ProductGroup = 9D1EF9961B4EB7B800C626D7 /* Products */;
					ProjectRef = 9D1EF9951B4EB7B800C626D7 /* SharedCode.xcodeproj */;
				},
			);
			projectRoot = "";
			targets = (
				9DB0D27A1B4D72780072CB78 /* Creating Contacts */,
			);
		};
/* End PBXProject section */

/* Begin PBXReferenceProxy section */
		9D1EF99B1B4EB7B900C626D7 /* SharedCode.framework */ = {
			isa = PBXReferenceProxy;
			fileType = wrapper.framework;
			path = SharedCode.framework;
			remoteRef = 9D1EF99A1B4EB7B900C626D7 /* PBXContainerItemProxy */;
			sourceTree = BUILT_PRODUCTS_DIR;
		};
		9D1EF99D1B4EB7B900C626D7 /* SharedCodeTests.xctest */ = {
			isa = PBXReferenceProxy;
			fileType = wrapper.cfbundle;
			path = SharedCodeTests.xctest;
			remoteRef = 9D1EF99C1B4EB7B900C626D7 /* PBXContainerItemProxy */;
			sourceTree = BUILT_PRODUCTS_DIR;
		};
/* End PBXReferenceProxy section */

/* Begin PBXResourcesBuildPhase section */
		9DB0D2791B4D72780072CB78 /* Resources */ = {
			isa = PBXResourcesBuildPhase;
			buildActionMask = 2147483647;
			files = (
				9DB0D2891B4D72780072CB78 /* LaunchScreen.storyboard in Resources */,
				9DB0D2861B4D72780072CB78 /* Assets.xcassets in Resources */,
				9DB0D2841B4D72780072CB78 /* Main.storyboard in Resources */,
			);
			runOnlyForDeploymentPostprocessing = 0;
		};
/* End PBXResourcesBuildPhase section */

/* Begin PBXSourcesBuildPhase section */
		9DB0D2771B4D72780072CB78 /* Sources */ = {
			isa = PBXSourcesBuildPhase;
			buildActionMask = 2147483647;
			files = (
				9DB0D2811B4D72780072CB78 /* ViewController.swift in Sources */,
				9DB0D27F1B4D72780072CB78 /* AppDelegate.swift in Sources */,
			);
			runOnlyForDeploymentPostprocessing = 0;
		};
/* End PBXSourcesBuildPhase section */

/* Begin PBXVariantGroup section */
		9DB0D2821B4D72780072CB78 /* Main.storyboard */ = {
			isa = PBXVariantGroup;
			children = (
				9DB0D2831B4D72780072CB78 /* Base */,
			);
			name = Main.storyboard;
			sourceTree = "<group>";
		};
		9DB0D2871B4D72780072CB78 /* LaunchScreen.storyboard */ = {
			isa = PBXVariantGroup;
			children = (
				9DB0D2881B4D72780072CB78 /* Base */,
			);
			name = LaunchScreen.storyboard;
			sourceTree = "<group>";
		};
/* End PBXVariantGroup section */

/* Begin XCBuildConfiguration section */
		9DB0D28B1B4D72780072CB78 /* Debug */ = {
			isa = XCBuildConfiguration;
			buildSettings = {
				ALWAYS_SEARCH_USER_PATHS = NO;
				CLANG_CXX_LANGUAGE_STANDARD = "gnu++0x";
				CLANG_CXX_LIBRARY = "libc++";
				CLANG_ENABLE_MODULES = YES;
				CLANG_ENABLE_OBJC_ARC = YES;
				CLANG_WARN_BOOL_CONVERSION = YES;
				CLANG_WARN_CONSTANT_CONVERSION = YES;
				CLANG_WARN_DIRECT_OBJC_ISA_USAGE = YES_ERROR;
				CLANG_WARN_EMPTY_BODY = YES;
				CLANG_WARN_ENUM_CONVERSION = YES;
				CLANG_WARN_INFINITE_RECURSION = YES;
				CLANG_WARN_INT_CONVERSION = YES;
				CLANG_WARN_OBJC_ROOT_CLASS = YES_ERROR;
				CLANG_WARN_SUSPICIOUS_MOVE = YES;
				CLANG_WARN_UNREACHABLE_CODE = YES;
				CLANG_WARN__DUPLICATE_METHOD_MATCH = YES;
				"CODE_SIGN_IDENTITY[sdk=iphoneos*]" = "iPhone Developer";
				COPY_PHASE_STRIP = NO;
				DEBUG_INFORMATION_FORMAT = dwarf;
				ENABLE_STRICT_OBJC_MSGSEND = YES;
				ENABLE_TESTABILITY = YES;
				GCC_C_LANGUAGE_STANDARD = gnu99;
				GCC_DYNAMIC_NO_PIC = NO;
				GCC_NO_COMMON_BLOCKS = YES;
				GCC_OPTIMIZATION_LEVEL = 0;
				GCC_PREPROCESSOR_DEFINITIONS = (
					"DEBUG=1",
					"$(inherited)",
				);
				GCC_WARN_64_TO_32_BIT_CONVERSION = YES;
				GCC_WARN_ABOUT_RETURN_TYPE = YES_ERROR;
				GCC_WARN_UNDECLARED_SELECTOR = YES;
				GCC_WARN_UNINITIALIZED_AUTOS = YES_AGGRESSIVE;
				GCC_WARN_UNUSED_FUNCTION = YES;
				GCC_WARN_UNUSED_VARIABLE = YES;
				IPHONEOS_DEPLOYMENT_TARGET = 9.0;
				MTL_ENABLE_DEBUG_INFO = YES;
				ONLY_ACTIVE_ARCH = YES;
				SDKROOT = iphoneos;
				SWIFT_OPTIMIZATION_LEVEL = "-Onone";
				TARGETED_DEVICE_FAMILY = "1,2";
			};
			name = Debug;
		};
		9DB0D28C1B4D72780072CB78 /* Release */ = {
			isa = XCBuildConfiguration;
			buildSettings = {
				ALWAYS_SEARCH_USER_PATHS = NO;
				CLANG_CXX_LANGUAGE_STANDARD = "gnu++0x";
				CLANG_CXX_LIBRARY = "libc++";
				CLANG_ENABLE_MODULES = YES;
				CLANG_ENABLE_OBJC_ARC = YES;
				CLANG_WARN_BOOL_CONVERSION = YES;
				CLANG_WARN_CONSTANT_CONVERSION = YES;
				CLANG_WARN_DIRECT_OBJC_ISA_USAGE = YES_ERROR;
				CLANG_WARN_EMPTY_BODY = YES;
				CLANG_WARN_ENUM_CONVERSION = YES;
				CLANG_WARN_INFINITE_RECURSION = YES;
				CLANG_WARN_INT_CONVERSION = YES;
				CLANG_WARN_OBJC_ROOT_CLASS = YES_ERROR;
				CLANG_WARN_SUSPICIOUS_MOVE = YES;
				CLANG_WARN_UNREACHABLE_CODE = YES;
				CLANG_WARN__DUPLICATE_METHOD_MATCH = YES;
				"CODE_SIGN_IDENTITY[sdk=iphoneos*]" = "iPhone Developer";
				COPY_PHASE_STRIP = NO;
				DEBUG_INFORMATION_FORMAT = "dwarf-with-dsym";
				ENABLE_NS_ASSERTIONS = NO;
				ENABLE_STRICT_OBJC_MSGSEND = YES;
				GCC_C_LANGUAGE_STANDARD = gnu99;
				GCC_NO_COMMON_BLOCKS = YES;
				GCC_WARN_64_TO_32_BIT_CONVERSION = YES;
				GCC_WARN_ABOUT_RETURN_TYPE = YES_ERROR;
				GCC_WARN_UNDECLARED_SELECTOR = YES;
				GCC_WARN_UNINITIALIZED_AUTOS = YES_AGGRESSIVE;
				GCC_WARN_UNUSED_FUNCTION = YES;
				GCC_WARN_UNUSED_VARIABLE = YES;
				IPHONEOS_DEPLOYMENT_TARGET = 9.0;
				MTL_ENABLE_DEBUG_INFO = NO;
				SDKROOT = iphoneos;
				SWIFT_OPTIMIZATION_LEVEL = "-Owholemodule";
				TARGETED_DEVICE_FAMILY = "1,2";
				VALIDATE_PRODUCT = YES;
			};
			name = Release;
		};
		9DB0D28E1B4D72780072CB78 /* Debug */ = {
			isa = XCBuildConfiguration;
			buildSettings = {
				ASSETCATALOG_COMPILER_APPICON_NAME = AppIcon;
				INFOPLIST_FILE = "Creating Contacts/Info.plist";
				LD_RUNPATH_SEARCH_PATHS = "$(inherited) @executable_path/Frameworks";
				PRODUCT_BUNDLE_IDENTIFIER = "se.pixolity.Creating-Contacts";
				PRODUCT_NAME = "$(TARGET_NAME)";
				SWIFT_VERSION = 3.0;
			};
			name = Debug;
		};
		9DB0D28F1B4D72780072CB78 /* Release */ = {
			isa = XCBuildConfiguration;
			buildSettings = {
				ASSETCATALOG_COMPILER_APPICON_NAME = AppIcon;
				INFOPLIST_FILE = "Creating Contacts/Info.plist";
				LD_RUNPATH_SEARCH_PATHS = "$(inherited) @executable_path/Frameworks";
				PRODUCT_BUNDLE_IDENTIFIER = "se.pixolity.Creating-Contacts";
				PRODUCT_NAME = "$(TARGET_NAME)";
				SWIFT_VERSION = 3.0;
			};
			name = Release;
		};
/* End XCBuildConfiguration section */

/* Begin XCConfigurationList section */
		9DB0D2761B4D72770072CB78 /* Build configuration list for PBXProject "Creating Contacts" */ = {
			isa = XCConfigurationList;
			buildConfigurations = (
				9DB0D28B1B4D72780072CB78 /* Debug */,
				9DB0D28C1B4D72780072CB78 /* Release */,
			);
			defaultConfigurationIsVisible = 0;
			defaultConfigurationName = Release;
		};
		9DB0D28D1B4D72780072CB78 /* Build configuration list for PBXNativeTarget "Creating Contacts" */ = {
			isa = XCConfigurationList;
			buildConfigurations = (
				9DB0D28E1B4D72780072CB78 /* Debug */,
				9DB0D28F1B4D72780072CB78 /* Release */,
			);
			defaultConfigurationIsVisible = 0;
			defaultConfigurationName = Release;
		};
/* End XCConfigurationList section */
	};
	rootObject = 9DB0D2731B4D72770072CB78 /* Project object */;
}
