// !$*UTF8*$!
{
	archiveVersion = 1;
	classes = {
	};
	objectVersion = 46;
	objects = {

/* Begin PBXBuildFile section */
		9D59CB251B4C06E5003F7AF0 /* AppDelegate.swift in Sources */ = {isa = PBXBuildFile; fileRef = 9D59CB241B4C06E5003F7AF0 /* AppDelegate.swift */; };
		9D59CB271B4C06E5003F7AF0 /* ViewController.swift in Sources */ = {isa = PBXBuildFile; fileRef = 9D59CB261B4C06E5003F7AF0 /* ViewController.swift */; };
		9D59CB2A1B4C06E5003F7AF0 /* Main.storyboard in Resources */ = {isa = PBXBuildFile; fileRef = 9D59CB281B4C06E5003F7AF0 /* Main.storyboard */; };
		9D59CB2C1B4C06E5003F7AF0 /* Assets.xcassets in Resources */ = {isa = PBXBuildFile; fileRef = 9D59CB2B1B4C06E5003F7AF0 /* Assets.xcassets */; };
		9D59CB2F1B4C06E5003F7AF0 /* LaunchScreen.storyboard in Resources */ = {isa = PBXBuildFile; fileRef = 9D59CB2D1B4C06E5003F7AF0 /* LaunchScreen.storyboard */; };
		9D59CB3A1B4C06E5003F7AF0 /* Long_Pressing_on_UI_ElementsUITests.swift in Sources */ = {isa = PBXBuildFile; fileRef = 9D59CB391B4C06E5003F7AF0 /* Long_Pressing_on_UI_ElementsUITests.swift */; };
/* End PBXBuildFile section */

/* Begin PBXContainerItemProxy section */
		9D59CB361B4C06E5003F7AF0 /* PBXContainerItemProxy */ = {
			isa = PBXContainerItemProxy;
			containerPortal = 9D59CB191B4C06E5003F7AF0 /* Project object */;
			proxyType = 1;
			remoteGlobalIDString = 9D59CB201B4C06E5003F7AF0;
			remoteInfo = "Long Pressing on UI Elements";
		};
/* End PBXContainerItemProxy section */

/* Begin PBXFileReference section */
		9D59CB211B4C06E5003F7AF0 /* Long Pressing on UI Elements.app */ = {isa = PBXFileReference; explicitFileType = wrapper.application; includeInIndex = 0; path = "Long Pressing on UI Elements.app"; sourceTree = BUILT_PRODUCTS_DIR; };
		9D59CB241B4C06E5003F7AF0 /* AppDelegate.swift */ = {isa = PBXFileReference; lastKnownFileType = sourcecode.swift; path = AppDelegate.swift; sourceTree = "<group>"; };
		9D59CB261B4C06E5003F7AF0 /* ViewController.swift */ = {isa = PBXFileReference; lastKnownFileType = sourcecode.swift; path = ViewController.swift; sourceTree = "<group>"; };
		9D59CB291B4C06E5003F7AF0 /* Base */ = {isa = PBXFileReference; lastKnownFileType = file.storyboard; name = Base; path = Base.lproj/Main.storyboard; sourceTree = "<group>"; };
		9D59CB2B1B4C06E5003F7AF0 /* Assets.xcassets */ = {isa = PBXFileReference; lastKnownFileType = folder.assetcatalog; path = Assets.xcassets; sourceTree = "<group>"; };
		9D59CB2E1B4C06E5003F7AF0 /* Base */ = {isa = PBXFileReference; lastKnownFileType = file.storyboard; name = Base; path = Base.lproj/LaunchScreen.storyboard; sourceTree = "<group>"; };
		9D59CB301B4C06E5003F7AF0 /* Info.plist */ = {isa = PBXFileReference; lastKnownFileType = text.plist.xml; path = Info.plist; sourceTree = "<group>"; };
		9D59CB351B4C06E5003F7AF0 /* Long Pressing on UI ElementsUITests.xctest */ = {isa = PBXFileReference; explicitFileType = wrapper.cfbundle; includeInIndex = 0; path = "Long Pressing on UI ElementsUITests.xctest"; sourceTree = BUILT_PRODUCTS_DIR; };
		9D59CB391B4C06E5003F7AF0 /* Long_Pressing_on_UI_ElementsUITests.swift */ = {isa = PBXFileReference; lastKnownFileType = sourcecode.swift; path = Long_Pressing_on_UI_ElementsUITests.swift; sourceTree = "<group>"; };
		9D59CB3B1B4C06E5003F7AF0 /* Info.plist */ = {isa = PBXFileReference; lastKnownFileType = text.plist.xml; path = Info.plist; sourceTree = "<group>"; };
/* End PBXFileReference section */

/* Begin PBXFrameworksBuildPhase section */
		9D59CB1E1B4C06E5003F7AF0 /* Frameworks */ = {
			isa = PBXFrameworksBuildPhase;
			buildActionMask = 2147483647;
			files = (
			);
			runOnlyForDeploymentPostprocessing = 0;
		};
		9D59CB321B4C06E5003F7AF0 /* Frameworks */ = {
			isa = PBXFrameworksBuildPhase;
			buildActionMask = 2147483647;
			files = (
			);
			runOnlyForDeploymentPostprocessing = 0;
		};
/* End PBXFrameworksBuildPhase section */

/* Begin PBXGroup section */
		9D59CB181B4C06E5003F7AF0 = {
			isa = PBXGroup;
			children = (
				9D59CB231B4C06E5003F7AF0 /* Long Pressing on UI Elements */,
				9D59CB381B4C06E5003F7AF0 /* Long Pressing on UI ElementsUITests */,
				9D59CB221B4C06E5003F7AF0 /* Products */,
			);
			sourceTree = "<group>";
		};
		9D59CB221B4C06E5003F7AF0 /* Products */ = {
			isa = PBXGroup;
			children = (
				9D59CB211B4C06E5003F7AF0 /* Long Pressing on UI Elements.app */,
				9D59CB351B4C06E5003F7AF0 /* Long Pressing on UI ElementsUITests.xctest */,
			);
			name = Products;
			sourceTree = "<group>";
		};
		9D59CB231B4C06E5003F7AF0 /* Long Pressing on UI Elements */ = {
			isa = PBXGroup;
			children = (
				9D59CB241B4C06E5003F7AF0 /* AppDelegate.swift */,
				9D59CB261B4C06E5003F7AF0 /* ViewController.swift */,
				9D59CB281B4C06E5003F7AF0 /* Main.storyboard */,
				9D59CB2B1B4C06E5003F7AF0 /* Assets.xcassets */,
				9D59CB2D1B4C06E5003F7AF0 /* LaunchScreen.storyboard */,
				9D59CB301B4C06E5003F7AF0 /* Info.plist */,
			);
			path = "Long Pressing on UI Elements";
			sourceTree = "<group>";
		};
		9D59CB381B4C06E5003F7AF0 /* Long Pressing on UI ElementsUITests */ = {
			isa = PBXGroup;
			children = (
				9D59CB391B4C06E5003F7AF0 /* Long_Pressing_on_UI_ElementsUITests.swift */,
				9D59CB3B1B4C06E5003F7AF0 /* Info.plist */,
			);
			path = "Long Pressing on UI ElementsUITests";
			sourceTree = "<group>";
		};
/* End PBXGroup section */

/* Begin PBXNativeTarget section */
		9D59CB201B4C06E5003F7AF0 /* Long Pressing on UI Elements */ = {
			isa = PBXNativeTarget;
			buildConfigurationList = 9D59CB3E1B4C06E5003F7AF0 /* Build configuration list for PBXNativeTarget "Long Pressing on UI Elements" */;
			buildPhases = (
				9D59CB1D1B4C06E5003F7AF0 /* Sources */,
				9D59CB1E1B4C06E5003F7AF0 /* Frameworks */,
				9D59CB1F1B4C06E5003F7AF0 /* Resources */,
			);
			buildRules = (
			);
			dependencies = (
			);
			name = "Long Pressing on UI Elements";
			productName = "Long Pressing on UI Elements";
			productReference = 9D59CB211B4C06E5003F7AF0 /* Long Pressing on UI Elements.app */;
			productType = "com.apple.product-type.application";
		};
		9D59CB341B4C06E5003F7AF0 /* Long Pressing on UI ElementsUITests */ = {
			isa = PBXNativeTarget;
			buildConfigurationList = 9D59CB411B4C06E5003F7AF0 /* Build configuration list for PBXNativeTarget "Long Pressing on UI ElementsUITests" */;
			buildPhases = (
				9D59CB311B4C06E5003F7AF0 /* Sources */,
				9D59CB321B4C06E5003F7AF0 /* Frameworks */,
				9D59CB331B4C06E5003F7AF0 /* Resources */,
			);
			buildRules = (
			);
			dependencies = (
				9D59CB371B4C06E5003F7AF0 /* PBXTargetDependency */,
			);
			name = "Long Pressing on UI ElementsUITests";
			productName = "Long Pressing on UI ElementsUITests";
			productReference = 9D59CB351B4C06E5003F7AF0 /* Long Pressing on UI ElementsUITests.xctest */;
			productType = "com.apple.product-type.bundle.ui-testing";
		};
/* End PBXNativeTarget section */

/* Begin PBXProject section */
		9D59CB191B4C06E5003F7AF0 /* Project object */ = {
			isa = PBXProject;
			attributes = {
				LastUpgradeCheck = 0800;
				ORGANIZATIONNAME = Pixolity;
				TargetAttributes = {
					9D59CB201B4C06E5003F7AF0 = {
						CreatedOnToolsVersion = 7.0;
						LastSwiftMigration = 0800;
					};
					9D59CB341B4C06E5003F7AF0 = {
						CreatedOnToolsVersion = 7.0;
						LastSwiftMigration = 0800;
						TestTargetID = 9D59CB201B4C06E5003F7AF0;
					};
				};
			};
			buildConfigurationList = 9D59CB1C1B4C06E5003F7AF0 /* Build configuration list for PBXProject "Long Pressing on UI Elements" */;
			compatibilityVersion = "Xcode 3.2";
			developmentRegion = English;
			hasScannedForEncodings = 0;
			knownRegions = (
				en,
				Base,
			);
			mainGroup = 9D59CB181B4C06E5003F7AF0;
			productRefGroup = 9D59CB221B4C06E5003F7AF0 /* Products */;
			projectDirPath = "";
			projectRoot = "";
			targets = (
				9D59CB201B4C06E5003F7AF0 /* Long Pressing on UI Elements */,
				9D59CB341B4C06E5003F7AF0 /* Long Pressing on UI ElementsUITests */,
			);
		};
/* End PBXProject section */

/* Begin PBXResourcesBuildPhase section */
		9D59CB1F1B4C06E5003F7AF0 /* Resources */ = {
			isa = PBXResourcesBuildPhase;
			buildActionMask = 2147483647;
			files = (
				9D59CB2F1B4C06E5003F7AF0 /* LaunchScreen.storyboard in Resources */,
				9D59CB2C1B4C06E5003F7AF0 /* Assets.xcassets in Resources */,
				9D59CB2A1B4C06E5003F7AF0 /* Main.storyboard in Resources */,
			);
			runOnlyForDeploymentPostprocessing = 0;
		};
		9D59CB331B4C06E5003F7AF0 /* Resources */ = {
			isa = PBXResourcesBuildPhase;
			buildActionMask = 2147483647;
			files = (
			);
			runOnlyForDeploymentPostprocessing = 0;
		};
/* End PBXResourcesBuildPhase section */

/* Begin PBXSourcesBuildPhase section */
		9D59CB1D1B4C06E5003F7AF0 /* Sources */ = {
			isa = PBXSourcesBuildPhase;
			buildActionMask = 2147483647;
			files = (
				9D59CB271B4C06E5003F7AF0 /* ViewController.swift in Sources */,
				9D59CB251B4C06E5003F7AF0 /* AppDelegate.swift in Sources */,
			);
			runOnlyForDeploymentPostprocessing = 0;
		};
		9D59CB311B4C06E5003F7AF0 /* Sources */ = {
			isa = PBXSourcesBuildPhase;
			buildActionMask = 2147483647;
			files = (
				9D59CB3A1B4C06E5003F7AF0 /* Long_Pressing_on_UI_ElementsUITests.swift in Sources */,
			);
			runOnlyForDeploymentPostprocessing = 0;
		};
/* End PBXSourcesBuildPhase section */

/* Begin PBXTargetDependency section */
		9D59CB371B4C06E5003F7AF0 /* PBXTargetDependency */ = {
			isa = PBXTargetDependency;
			target = 9D59CB201B4C06E5003F7AF0 /* Long Pressing on UI Elements */;
			targetProxy = 9D59CB361B4C06E5003F7AF0 /* PBXContainerItemProxy */;
		};
/* End PBXTargetDependency section */

/* Begin PBXVariantGroup section */
		9D59CB281B4C06E5003F7AF0 /* Main.storyboard */ = {
			isa = PBXVariantGroup;
			children = (
				9D59CB291B4C06E5003F7AF0 /* Base */,
			);
			name = Main.storyboard;
			sourceTree = "<group>";
		};
		9D59CB2D1B4C06E5003F7AF0 /* LaunchScreen.storyboard */ = {
			isa = PBXVariantGroup;
			children = (
				9D59CB2E1B4C06E5003F7AF0 /* Base */,
			);
			name = LaunchScreen.storyboard;
			sourceTree = "<group>";
		};
/* End PBXVariantGroup section */

/* Begin XCBuildConfiguration section */
		9D59CB3C1B4C06E5003F7AF0 /* Debug */ = {
			isa = XCBuildConfiguration;
			buildSettings = {
				ALWAYS_SEARCH_USER_PATHS = NO;
				CLANG_CXX_LANGUAGE_STANDARD = "gnu++0x";
				CLANG_CXX_LIBRARY = "libc++";
				CLANG_ENABLE_MODULES = YES;
				CLANG_ENABLE_OBJC_ARC = YES;
				CLANG_WARN_BOOL_CONVERSION = YES;
				CLANG_WARN_CONSTANT_CONVERSION = YES;
				CLANG_WARN_DIRECT_OBJC_ISA_USAGE = YES_ERROR;
				CLANG_WARN_EMPTY_BODY = YES;
				CLANG_WARN_ENUM_CONVERSION = YES;
				CLANG_WARN_INFINITE_RECURSION = YES;
				CLANG_WARN_INT_CONVERSION = YES;
				CLANG_WARN_OBJC_ROOT_CLASS = YES_ERROR;
				CLANG_WARN_SUSPICIOUS_MOVE = YES;
				CLANG_WARN_UNREACHABLE_CODE = YES;
				CLANG_WARN__DUPLICATE_METHOD_MATCH = YES;
				"CODE_SIGN_IDENTITY[sdk=iphoneos*]" = "iPhone Developer";
				COPY_PHASE_STRIP = NO;
				DEBUG_INFORMATION_FORMAT = dwarf;
				ENABLE_STRICT_OBJC_MSGSEND = YES;
				ENABLE_TESTABILITY = YES;
				GCC_C_LANGUAGE_STANDARD = gnu99;
				GCC_DYNAMIC_NO_PIC = NO;
				GCC_NO_COMMON_BLOCKS = YES;
				GCC_OPTIMIZATION_LEVEL = 0;
				GCC_PREPROCESSOR_DEFINITIONS = (
					"DEBUG=1",
					"$(inherited)",
				);
				GCC_WARN_64_TO_32_BIT_CONVERSION = YES;
				GCC_WARN_ABOUT_RETURN_TYPE = YES_ERROR;
				GCC_WARN_UNDECLARED_SELECTOR = YES;
				GCC_WARN_UNINITIALIZED_AUTOS = YES_AGGRESSIVE;
				GCC_WARN_UNUSED_FUNCTION = YES;
				GCC_WARN_UNUSED_VARIABLE = YES;
				IPHONEOS_DEPLOYMENT_TARGET = 9.0;
				MTL_ENABLE_DEBUG_INFO = YES;
				ONLY_ACTIVE_ARCH = YES;
				SDKROOT = iphoneos;
				SWIFT_OPTIMIZATION_LEVEL = "-Onone";
				TARGETED_DEVICE_FAMILY = "1,2";
			};
			name = Debug;
		};
		9D59CB3D1B4C06E5003F7AF0 /* Release */ = {
			isa = XCBuildConfiguration;
			buildSettings = {
				ALWAYS_SEARCH_USER_PATHS = NO;
				CLANG_CXX_LANGUAGE_STANDARD = "gnu++0x";
				CLANG_CXX_LIBRARY = "libc++";
				CLANG_ENABLE_MODULES = YES;
				CLANG_ENABLE_OBJC_ARC = YES;
				CLANG_WARN_BOOL_CONVERSION = YES;
				CLANG_WARN_CONSTANT_CONVERSION = YES;
				CLANG_WARN_DIRECT_OBJC_ISA_USAGE = YES_ERROR;
				CLANG_WARN_EMPTY_BODY = YES;
				CLANG_WARN_ENUM_CONVERSION = YES;
				CLANG_WARN_INFINITE_RECURSION = YES;
				CLANG_WARN_INT_CONVERSION = YES;
				CLANG_WARN_OBJC_ROOT_CLASS = YES_ERROR;
				CLANG_WARN_SUSPICIOUS_MOVE = YES;
				CLANG_WARN_UNREACHABLE_CODE = YES;
				CLANG_WARN__DUPLICATE_METHOD_MATCH = YES;
				"CODE_SIGN_IDENTITY[sdk=iphoneos*]" = "iPhone Developer";
				COPY_PHASE_STRIP = NO;
				DEBUG_INFORMATION_FORMAT = "dwarf-with-dsym";
				ENABLE_NS_ASSERTIONS = NO;
				ENABLE_STRICT_OBJC_MSGSEND = YES;
				GCC_C_LANGUAGE_STANDARD = gnu99;
				GCC_NO_COMMON_BLOCKS = YES;
				GCC_WARN_64_TO_32_BIT_CONVERSION = YES;
				GCC_WARN_ABOUT_RETURN_TYPE = YES_ERROR;
				GCC_WARN_UNDECLARED_SELECTOR = YES;
				GCC_WARN_UNINITIALIZED_AUTOS = YES_AGGRESSIVE;
				GCC_WARN_UNUSED_FUNCTION = YES;
				GCC_WARN_UNUSED_VARIABLE = YES;
				IPHONEOS_DEPLOYMENT_TARGET = 9.0;
				MTL_ENABLE_DEBUG_INFO = NO;
				SDKROOT = iphoneos;
				SWIFT_OPTIMIZATION_LEVEL = "-Owholemodule";
				TARGETED_DEVICE_FAMILY = "1,2";
				VALIDATE_PRODUCT = YES;
			};
			name = Release;
		};
		9D59CB3F1B4C06E5003F7AF0 /* Debug */ = {
			isa = XCBuildConfiguration;
			buildSettings = {
				ASSETCATALOG_COMPILER_APPICON_NAME = AppIcon;
				INFOPLIST_FILE = "Long Pressing on UI Elements/Info.plist";
				LD_RUNPATH_SEARCH_PATHS = "$(inherited) @executable_path/Frameworks";
				PRODUCT_BUNDLE_IDENTIFIER = "se.pixolity.Long-Pressing-on-UI-Elements";
				PRODUCT_NAME = "$(TARGET_NAME)";
				SWIFT_VERSION = 3.0;
			};
			name = Debug;
		};
		9D59CB401B4C06E5003F7AF0 /* Release */ = {
			isa = XCBuildConfiguration;
			buildSettings = {
				ASSETCATALOG_COMPILER_APPICON_NAME = AppIcon;
				INFOPLIST_FILE = "Long Pressing on UI Elements/Info.plist";
				LD_RUNPATH_SEARCH_PATHS = "$(inherited) @executable_path/Frameworks";
				PRODUCT_BUNDLE_IDENTIFIER = "se.pixolity.Long-Pressing-on-UI-Elements";
				PRODUCT_NAME = "$(TARGET_NAME)";
				SWIFT_VERSION = 3.0;
			};
			name = Release;
		};
		9D59CB421B4C06E5003F7AF0 /* Debug */ = {
			isa = XCBuildConfiguration;
			buildSettings = {
				INFOPLIST_FILE = "Long Pressing on UI ElementsUITests/Info.plist";
				LD_RUNPATH_SEARCH_PATHS = "$(inherited) @executable_path/Frameworks @loader_path/Frameworks";
				PRODUCT_BUNDLE_IDENTIFIER = "se.pixolity.Long-Pressing-on-UI-ElementsUITests";
				PRODUCT_NAME = "$(TARGET_NAME)";
				SWIFT_VERSION = 3.0;
				TEST_TARGET_NAME = "Long Pressing on UI Elements";
				USES_XCTRUNNER = YES;
			};
			name = Debug;
		};
		9D59CB431B4C06E5003F7AF0 /* Release */ = {
			isa = XCBuildConfiguration;
			buildSettings = {
				INFOPLIST_FILE = "Long Pressing on UI ElementsUITests/Info.plist";
				LD_RUNPATH_SEARCH_PATHS = "$(inherited) @executable_path/Frameworks @loader_path/Frameworks";
				PRODUCT_BUNDLE_IDENTIFIER = "se.pixolity.Long-Pressing-on-UI-ElementsUITests";
				PRODUCT_NAME = "$(TARGET_NAME)";
				SWIFT_VERSION = 3.0;
				TEST_TARGET_NAME = "Long Pressing on UI Elements";
				USES_XCTRUNNER = YES;
			};
			name = Release;
		};
/* End XCBuildConfiguration section */

/* Begin XCConfigurationList section */
		9D59CB1C1B4C06E5003F7AF0 /* Build configuration list for PBXProject "Long Pressing on UI Elements" */ = {
			isa = XCConfigurationList;
			buildConfigurations = (
				9D59CB3C1B4C06E5003F7AF0 /* Debug */,
				9D59CB3D1B4C06E5003F7AF0 /* Release */,
			);
			defaultConfigurationIsVisible = 0;
			defaultConfigurationName = Release;
		};
		9D59CB3E1B4C06E5003F7AF0 /* Build configuration list for PBXNativeTarget "Long Pressing on UI Elements" */ = {
			isa = XCConfigurationList;
			buildConfigurations = (
				9D59CB3F1B4C06E5003F7AF0 /* Debug */,
				9D59CB401B4C06E5003F7AF0 /* Release */,
			);
			defaultConfigurationIsVisible = 0;
			defaultConfigurationName = Release;
		};
		9D59CB411B4C06E5003F7AF0 /* Build configuration list for PBXNativeTarget "Long Pressing on UI ElementsUITests" */ = {
			isa = XCConfigurationList;
			buildConfigurations = (
				9D59CB421B4C06E5003F7AF0 /* Debug */,
				9D59CB431B4C06E5003F7AF0 /* Release */,
			);
			defaultConfigurationIsVisible = 0;
			defaultConfigurationName = Release;
		};
/* End XCConfigurationList section */
	};
	rootObject = 9D59CB191B4C06E5003F7AF0 /* Project object */;
}
